
Microsoft Visual Studio Solution File, Format Version 12.00
# Visual Studio Version 17
VisualStudioVersion = 17.11.35327.3
MinimumVisualStudioVersion = 10.0.40219.1
Project("{FAE04EC0-301F-11D3-BF4B-00C04F79EFBC}") = "WebApipractica", "WebApipractica\WebApipractica.csproj", "{CAACFD2B-2DE4-43A7-8FF5-E92075FC1B59}"
EndProject
Global
	GlobalSection(SolutionConfigurationPlatforms) = preSolution
		Debug|Any CPU = Debug|Any CPU
		Release|Any CPU = Release|Any CPU
	EndGlobalSection
	GlobalSection(ProjectConfigurationPlatforms) = postSolution
		{CAACFD2B-2DE4-43A7-8FF5-E92075FC1B59}.Debug|Any CPU.ActiveCfg = Debug|Any CPU
		{CAACFD2B-2DE4-43A7-8FF5-E92075FC1B59}.Debug|Any CPU.Build.0 = Debug|Any CPU
		{CAACFD2B-2DE4-43A7-8FF5-E92075FC1B59}.Release|Any CPU.ActiveCfg = Release|Any CPU
		{CAACFD2B-2DE4-43A7-8FF5-E92075FC1B59}.Release|Any CPU.Build.0 = Release|Any CPU
	EndGlobalSection
	GlobalSection(SolutionProperties) = preSolution
		HideSolutionNode = FALSE
	EndGlobalSection
	GlobalSection(ExtensibilityGlobals) = postSolution
		SolutionGuid = {CABEC5F5-AB3D-4A31-B1A5-F780B3147637}
	EndGlobalSection
EndGlobal
